// !$*UTF8*$!
{
	archiveVersion = 1;
	classes = {
	};
	objectVersion = 50;
	objects = {

/* Begin PBXBuildFile section */
		58B5351024117D21000F80B8 /* EmployeeDetailView.swift in Sources */ = {isa = PBXBuildFile; fileRef = 58B5350F24117D21000F80B8 /* EmployeeDetailView.swift */; };
		58B5354A2414E1C9000F80B8 /* SettingsViewController.swift in Sources */ = {isa = PBXBuildFile; fileRef = 58B535492414E1C9000F80B8 /* SettingsViewController.swift */; };
		58D9E3C82411592800FA46AF /* AppDelegate.swift in Sources */ = {isa = PBXBuildFile; fileRef = 58D9E3C72411592800FA46AF /* AppDelegate.swift */; };
		58D9E3CA2411592800FA46AF /* SceneDelegate.swift in Sources */ = {isa = PBXBuildFile; fileRef = 58D9E3C92411592800FA46AF /* SceneDelegate.swift */; };
		58D9E3CC2411592800FA46AF /* ViewController.swift in Sources */ = {isa = PBXBuildFile; fileRef = 58D9E3CB2411592800FA46AF /* ViewController.swift */; };
		58D9E3CF2411592800FA46AF /* Main.storyboard in Resources */ = {isa = PBXBuildFile; fileRef = 58D9E3CD2411592800FA46AF /* Main.storyboard */; };
		58D9E3D12411592A00FA46AF /* Assets.xcassets in Resources */ = {isa = PBXBuildFile; fileRef = 58D9E3D02411592A00FA46AF /* Assets.xcassets */; };
		58D9E3D42411592A00FA46AF /* LaunchScreen.storyboard in Resources */ = {isa = PBXBuildFile; fileRef = 58D9E3D22411592A00FA46AF /* LaunchScreen.storyboard */; };
		58D9E3DF2411592A00FA46AF /* Jet2TravelTests.swift in Sources */ = {isa = PBXBuildFile; fileRef = 58D9E3DE2411592A00FA46AF /* Jet2TravelTests.swift */; };
		58D9E3ED24115EEA00FA46AF /* EmployeeModel.swift in Sources */ = {isa = PBXBuildFile; fileRef = 58D9E3EC24115EEA00FA46AF /* EmployeeModel.swift */; };
		58D9E3EF24115F9000FA46AF /* NetworkClass.swift in Sources */ = {isa = PBXBuildFile; fileRef = 58D9E3EE24115F9000FA46AF /* NetworkClass.swift */; };
		58D9E3F1241171AF00FA46AF /* EmployeeCell.swift in Sources */ = {isa = PBXBuildFile; fileRef = 58D9E3F0241171AF00FA46AF /* EmployeeCell.swift */; };
/* End PBXBuildFile section */

/* Begin PBXContainerItemProxy section */
		58D9E3DB2411592A00FA46AF /* PBXContainerItemProxy */ = {
			isa = PBXContainerItemProxy;
			containerPortal = 58D9E3BC2411592800FA46AF /* Project object */;
			proxyType = 1;
			remoteGlobalIDString = 58D9E3C32411592800FA46AF;
			remoteInfo = Jet2Travel;
		};
/* End PBXContainerItemProxy section */

/* Begin PBXFileReference section */
		58B5350F24117D21000F80B8 /* EmployeeDetailView.swift */ = {isa = PBXFileReference; lastKnownFileType = sourcecode.swift; path = EmployeeDetailView.swift; sourceTree = "<group>"; };
		58B535492414E1C9000F80B8 /* SettingsViewController.swift */ = {isa = PBXFileReference; lastKnownFileType = sourcecode.swift; path = SettingsViewController.swift; sourceTree = "<group>"; };
		58D9E3C42411592800FA46AF /* Jet2Travel.app */ = {isa = PBXFileReference; explicitFileType = wrapper.application; includeInIndex = 0; path = Jet2Travel.app; sourceTree = BUILT_PRODUCTS_DIR; };
		58D9E3C72411592800FA46AF /* AppDelegate.swift */ = {isa = PBXFileReference; lastKnownFileType = sourcecode.swift; path = AppDelegate.swift; sourceTree = "<group>"; };
		58D9E3C92411592800FA46AF /* SceneDelegate.swift */ = {isa = PBXFileReference; lastKnownFileType = sourcecode.swift; path = SceneDelegate.swift; sourceTree = "<group>"; };
		58D9E3CB2411592800FA46AF /* ViewController.swift */ = {isa = PBXFileReference; lastKnownFileType = sourcecode.swift; path = ViewController.swift; sourceTree = "<group>"; };
		58D9E3CE2411592800FA46AF /* Base */ = {isa = PBXFileReference; lastKnownFileType = file.storyboard; name = Base; path = Base.lproj/Main.storyboard; sourceTree = "<group>"; };
		58D9E3D02411592A00FA46AF /* Assets.xcassets */ = {isa = PBXFileReference; lastKnownFileType = folder.assetcatalog; path = Assets.xcassets; sourceTree = "<group>"; };
		58D9E3D32411592A00FA46AF /* Base */ = {isa = PBXFileReference; lastKnownFileType = file.storyboard; name = Base; path = Base.lproj/LaunchScreen.storyboard; sourceTree = "<group>"; };
		58D9E3D52411592A00FA46AF /* Info.plist */ = {isa = PBXFileReference; lastKnownFileType = text.plist.xml; path = Info.plist; sourceTree = "<group>"; };
		58D9E3DA2411592A00FA46AF /* Jet2TravelTests.xctest */ = {isa = PBXFileReference; explicitFileType = wrapper.cfbundle; includeInIndex = 0; path = Jet2TravelTests.xctest; sourceTree = BUILT_PRODUCTS_DIR; };
		58D9E3DE2411592A00FA46AF /* Jet2TravelTests.swift */ = {isa = PBXFileReference; lastKnownFileType = sourcecode.swift; path = Jet2TravelTests.swift; sourceTree = "<group>"; };
		58D9E3E02411592A00FA46AF /* Info.plist */ = {isa = PBXFileReference; lastKnownFileType = text.plist.xml; path = Info.plist; sourceTree = "<group>"; };
		58D9E3EC24115EEA00FA46AF /* EmployeeModel.swift */ = {isa = PBXFileReference; lastKnownFileType = sourcecode.swift; path = EmployeeModel.swift; sourceTree = "<group>"; };
		58D9E3EE24115F9000FA46AF /* NetworkClass.swift */ = {isa = PBXFileReference; lastKnownFileType = sourcecode.swift; path = NetworkClass.swift; sourceTree = "<group>"; };
		58D9E3F0241171AF00FA46AF /* EmployeeCell.swift */ = {isa = PBXFileReference; lastKnownFileType = sourcecode.swift; path = EmployeeCell.swift; sourceTree = "<group>"; };
/* End PBXFileReference section */

/* Begin PBXFrameworksBuildPhase section */
		58D9E3C12411592800FA46AF /* Frameworks */ = {
			isa = PBXFrameworksBuildPhase;
			buildActionMask = 2147483647;
			files = (
			);
			runOnlyForDeploymentPostprocessing = 0;
		};
		58D9E3D72411592A00FA46AF /* Frameworks */ = {
			isa = PBXFrameworksBuildPhase;
			buildActionMask = 2147483647;
			files = (
			);
			runOnlyForDeploymentPostprocessing = 0;
		};
/* End PBXFrameworksBuildPhase section */

/* Begin PBXGroup section */
		58D9E3BB2411592800FA46AF = {
			isa = PBXGroup;
			children = (
				58D9E3C62411592800FA46AF /* Jet2Travel */,
				58D9E3DD2411592A00FA46AF /* Jet2TravelTests */,
				58D9E3C52411592800FA46AF /* Products */,
			);
			sourceTree = "<group>";
		};
		58D9E3C52411592800FA46AF /* Products */ = {
			isa = PBXGroup;
			children = (
				58D9E3C42411592800FA46AF /* Jet2Travel.app */,
				58D9E3DA2411592A00FA46AF /* Jet2TravelTests.xctest */,
			);
			name = Products;
			sourceTree = "<group>";
		};
		58D9E3C62411592800FA46AF /* Jet2Travel */ = {
			isa = PBXGroup;
			children = (
				58D9E3EB24115DFE00FA46AF /* Controller */,
				58D9E3EA24115DF700FA46AF /* View */,
				58D9E3E924115DEF00FA46AF /* Model */,
				58D9E3C72411592800FA46AF /* AppDelegate.swift */,
				58D9E3C92411592800FA46AF /* SceneDelegate.swift */,
				58D9E3CD2411592800FA46AF /* Main.storyboard */,
				58D9E3D02411592A00FA46AF /* Assets.xcassets */,
				58D9E3D22411592A00FA46AF /* LaunchScreen.storyboard */,
				58D9E3D52411592A00FA46AF /* Info.plist */,
			);
			path = Jet2Travel;
			sourceTree = "<group>";
		};
		58D9E3DD2411592A00FA46AF /* Jet2TravelTests */ = {
			isa = PBXGroup;
			children = (
				58D9E3DE2411592A00FA46AF /* Jet2TravelTests.swift */,
				58D9E3E02411592A00FA46AF /* Info.plist */,
			);
			path = Jet2TravelTests;
			sourceTree = "<group>";
		};
		58D9E3E924115DEF00FA46AF /* Model */ = {
			isa = PBXGroup;
			children = (
				58D9E3EC24115EEA00FA46AF /* EmployeeModel.swift */,
				58D9E3EE24115F9000FA46AF /* NetworkClass.swift */,
			);
			path = Model;
			sourceTree = "<group>";
		};
		58D9E3EA24115DF700FA46AF /* View */ = {
			isa = PBXGroup;
			children = (
				58D9E3F0241171AF00FA46AF /* EmployeeCell.swift */,
			);
			path = View;
			sourceTree = "<group>";
		};
		58D9E3EB24115DFE00FA46AF /* Controller */ = {
			isa = PBXGroup;
			children = (
				58D9E3CB2411592800FA46AF /* ViewController.swift */,
				58B5350F24117D21000F80B8 /* EmployeeDetailView.swift */,
				58B535492414E1C9000F80B8 /* SettingsViewController.swift */,
			);
			path = Controller;
			sourceTree = "<group>";
		};
/* End PBXGroup section */

/* Begin PBXNativeTarget section */
		58D9E3C32411592800FA46AF /* Jet2Travel */ = {
			isa = PBXNativeTarget;
			buildConfigurationList = 58D9E3E32411592A00FA46AF /* Build configuration list for PBXNativeTarget "Jet2Travel" */;
			buildPhases = (
				58D9E3C02411592800FA46AF /* Sources */,
				58D9E3C12411592800FA46AF /* Frameworks */,
				58D9E3C22411592800FA46AF /* Resources */,
			);
			buildRules = (
			);
			dependencies = (
			);
			name = Jet2Travel;
			productName = Jet2Travel;
			productReference = 58D9E3C42411592800FA46AF /* Jet2Travel.app */;
			productType = "com.apple.product-type.application";
		};
		58D9E3D92411592A00FA46AF /* Jet2TravelTests */ = {
			isa = PBXNativeTarget;
			buildConfigurationList = 58D9E3E62411592A00FA46AF /* Build configuration list for PBXNativeTarget "Jet2TravelTests" */;
			buildPhases = (
				58D9E3D62411592A00FA46AF /* Sources */,
				58D9E3D72411592A00FA46AF /* Frameworks */,
				58D9E3D82411592A00FA46AF /* Resources */,
			);
			buildRules = (
			);
			dependencies = (
				58D9E3DC2411592A00FA46AF /* PBXTargetDependency */,
			);
			name = Jet2TravelTests;
			productName = Jet2TravelTests;
			productReference = 58D9E3DA2411592A00FA46AF /* Jet2TravelTests.xctest */;
			productType = "com.apple.product-type.bundle.unit-test";
		};
/* End PBXNativeTarget section */

/* Begin PBXProject section */
		58D9E3BC2411592800FA46AF /* Project object */ = {
			isa = PBXProject;
			attributes = {
				LastSwiftUpdateCheck = 1130;
				LastUpgradeCheck = 1130;
				ORGANIZATIONNAME = "Vijay Masal";
				TargetAttributes = {
					58D9E3C32411592800FA46AF = {
						CreatedOnToolsVersion = 11.3.1;
					};
					58D9E3D92411592A00FA46AF = {
						CreatedOnToolsVersion = 11.3.1;
						TestTargetID = 58D9E3C32411592800FA46AF;
					};
				};
			};
			buildConfigurationList = 58D9E3BF2411592800FA46AF /* Build configuration list for PBXProject "Jet2Travel" */;
			compatibilityVersion = "Xcode 9.3";
			developmentRegion = en;
			hasScannedForEncodings = 0;
			knownRegions = (
				en,
				Base,
			);
			mainGroup = 58D9E3BB2411592800FA46AF;
			productRefGroup = 58D9E3C52411592800FA46AF /* Products */;
			projectDirPath = "";
			projectRoot = "";
			targets = (
				58D9E3C32411592800FA46AF /* Jet2Travel */,
				58D9E3D92411592A00FA46AF /* Jet2TravelTests */,
			);
		};
/* End PBXProject section */

/* Begin PBXResourcesBuildPhase section */
		58D9E3C22411592800FA46AF /* Resources */ = {
			isa = PBXResourcesBuildPhase;
			buildActionMask = 2147483647;
			files = (
				58D9E3D42411592A00FA46AF /* LaunchScreen.storyboard in Resources */,
				58D9E3D12411592A00FA46AF /* Assets.xcassets in Resources */,
				58D9E3CF2411592800FA46AF /* Main.storyboard in Resources */,
			);
			runOnlyForDeploymentPostprocessing = 0;
		};
		58D9E3D82411592A00FA46AF /* Resources */ = {
			isa = PBXResourcesBuildPhase;
			buildActionMask = 2147483647;
			files = (
			);
			runOnlyForDeploymentPostprocessing = 0;
		};
/* End PBXResourcesBuildPhase section */

/* Begin PBXSourcesBuildPhase section */
		58D9E3C02411592800FA46AF /* Sources */ = {
			isa = PBXSourcesBuildPhase;
			buildActionMask = 2147483647;
			files = (
				58D9E3CC2411592800FA46AF /* ViewController.swift in Sources */,
				58D9E3EF24115F9000FA46AF /* NetworkClass.swift in Sources */,
				58D9E3C82411592800FA46AF /* AppDelegate.swift in Sources */,
				58B5351024117D21000F80B8 /* EmployeeDetailView.swift in Sources */,
				58D9E3F1241171AF00FA46AF /* EmployeeCell.swift in Sources */,
				58D9E3CA2411592800FA46AF /* SceneDelegate.swift in Sources */,
				58D9E3ED24115EEA00FA46AF /* EmployeeModel.swift in Sources */,
				58B5354A2414E1C9000F80B8 /* SettingsViewController.swift in Sources */,
			);
			runOnlyForDeploymentPostprocessing = 0;
		};
		58D9E3D62411592A00FA46AF /* Sources */ = {
			isa = PBXSourcesBuildPhase;
			buildActionMask = 2147483647;
			files = (
				58D9E3DF2411592A00FA46AF /* Jet2TravelTests.swift in Sources */,
			);
			runOnlyForDeploymentPostprocessing = 0;
		};
/* End PBXSourcesBuildPhase section */

/* Begin PBXTargetDependency section */
		58D9E3DC2411592A00FA46AF /* PBXTargetDependency */ = {
			isa = PBXTargetDependency;
			target = 58D9E3C32411592800FA46AF /* Jet2Travel */;
			targetProxy = 58D9E3DB2411592A00FA46AF /* PBXContainerItemProxy */;
		};
/* End PBXTargetDependency section */

/* Begin PBXVariantGroup section */
		58D9E3CD2411592800FA46AF /* Main.storyboard */ = {
			isa = PBXVariantGroup;
			children = (
				58D9E3CE2411592800FA46AF /* Base */,
			);
			name = Main.storyboard;
			sourceTree = "<group>";
		};
		58D9E3D22411592A00FA46AF /* LaunchScreen.storyboard */ = {
			isa = PBXVariantGroup;
			children = (
				58D9E3D32411592A00FA46AF /* Base */,
			);
			name = LaunchScreen.storyboard;
			sourceTree = "<group>";
		};
/* End PBXVariantGroup section */

/* Begin XCBuildConfiguration section */
		58D9E3E12411592A00FA46AF /* Debug */ = {
			isa = XCBuildConfiguration;
			buildSettings = {
				ALWAYS_SEARCH_USER_PATHS = NO;
				CLANG_ANALYZER_NONNULL = YES;
				CLANG_ANALYZER_NUMBER_OBJECT_CONVERSION = YES_AGGRESSIVE;
				CLANG_CXX_LANGUAGE_STANDARD = "gnu++14";
				CLANG_CXX_LIBRARY = "libc++";
				CLANG_ENABLE_MODULES = YES;
				CLANG_ENABLE_OBJC_ARC = YES;
				CLANG_ENABLE_OBJC_WEAK = YES;
				CLANG_WARN_BLOCK_CAPTURE_AUTORELEASING = YES;
				CLANG_WARN_BOOL_CONVERSION = YES;
				CLANG_WARN_COMMA = YES;
				CLANG_WARN_CONSTANT_CONVERSION = YES;
				CLANG_WARN_DEPRECATED_OBJC_IMPLEMENTATIONS = YES;
				CLANG_WARN_DIRECT_OBJC_ISA_USAGE = YES_ERROR;
				CLANG_WARN_DOCUMENTATION_COMMENTS = YES;
				CLANG_WARN_EMPTY_BODY = YES;
				CLANG_WARN_ENUM_CONVERSION = YES;
				CLANG_WARN_INFINITE_RECURSION = YES;
				CLANG_WARN_INT_CONVERSION = YES;
				CLANG_WARN_NON_LITERAL_NULL_CONVERSION = YES;
				CLANG_WARN_OBJC_IMPLICIT_RETAIN_SELF = YES;
				CLANG_WARN_OBJC_LITERAL_CONVERSION = YES;
				CLANG_WARN_OBJC_ROOT_CLASS = YES_ERROR;
				CLANG_WARN_RANGE_LOOP_ANALYSIS = YES;
				CLANG_WARN_STRICT_PROTOTYPES = YES;
				CLANG_WARN_SUSPICIOUS_MOVE = YES;
				CLANG_WARN_UNGUARDED_AVAILABILITY = YES_AGGRESSIVE;
				CLANG_WARN_UNREACHABLE_CODE = YES;
				CLANG_WARN__DUPLICATE_METHOD_MATCH = YES;
				COPY_PHASE_STRIP = NO;
				DEBUG_INFORMATION_FORMAT = dwarf;
				ENABLE_STRICT_OBJC_MSGSEND = YES;
				ENABLE_TESTABILITY = YES;
				GCC_C_LANGUAGE_STANDARD = gnu11;
				GCC_DYNAMIC_NO_PIC = NO;
				GCC_NO_COMMON_BLOCKS = YES;
				GCC_OPTIMIZATION_LEVEL = 0;
				GCC_PREPROCESSOR_DEFINITIONS = (
					"DEBUG=1",
					"$(inherited)",
				);
				GCC_WARN_64_TO_32_BIT_CONVERSION = YES;
				GCC_WARN_ABOUT_RETURN_TYPE = YES_ERROR;
				GCC_WARN_UNDECLARED_SELECTOR = YES;
				GCC_WARN_UNINITIALIZED_AUTOS = YES_AGGRESSIVE;
				GCC_WARN_UNUSED_FUNCTION = YES;
				GCC_WARN_UNUSED_VARIABLE = YES;
				IPHONEOS_DEPLOYMENT_TARGET = 13.2;
				MTL_ENABLE_DEBUG_INFO = INCLUDE_SOURCE;
				MTL_FAST_MATH = YES;
				ONLY_ACTIVE_ARCH = YES;
				SDKROOT = iphoneos;
				SWIFT_ACTIVE_COMPILATION_CONDITIONS = DEBUG;
				SWIFT_OPTIMIZATION_LEVEL = "-Onone";
			};
			name = Debug;
		};
		58D9E3E22411592A00FA46AF /* Release */ = {
			isa = XCBuildConfiguration;
			buildSettings = {
				ALWAYS_SEARCH_USER_PATHS = NO;
				CLANG_ANALYZER_NONNULL = YES;
				CLANG_ANALYZER_NUMBER_OBJECT_CONVERSION = YES_AGGRESSIVE;
				CLANG_CXX_LANGUAGE_STANDARD = "gnu++14";
				CLANG_CXX_LIBRARY = "libc++";
				CLANG_ENABLE_MODULES = YES;
				CLANG_ENABLE_OBJC_ARC = YES;
				CLANG_ENABLE_OBJC_WEAK = YES;
				CLANG_WARN_BLOCK_CAPTURE_AUTORELEASING = YES;
				CLANG_WARN_BOOL_CONVERSION = YES;
				CLANG_WARN_COMMA = YES;
				CLANG_WARN_CONSTANT_CONVERSION = YES;
				CLANG_WARN_DEPRECATED_OBJC_IMPLEMENTATIONS = YES;
				CLANG_WARN_DIRECT_OBJC_ISA_USAGE = YES_ERROR;
				CLANG_WARN_DOCUMENTATION_COMMENTS = YES;
				CLANG_WARN_EMPTY_BODY = YES;
				CLANG_WARN_ENUM_CONVERSION = YES;
				CLANG_WARN_INFINITE_RECURSION = YES;
				CLANG_WARN_INT_CONVERSION = YES;
				CLANG_WARN_NON_LITERAL_NULL_CONVERSION = YES;
				CLANG_WARN_OBJC_IMPLICIT_RETAIN_SELF = YES;
				CLANG_WARN_OBJC_LITERAL_CONVERSION = YES;
				CLANG_WARN_OBJC_ROOT_CLASS = YES_ERROR;
				CLANG_WARN_RANGE_LOOP_ANALYSIS = YES;
				CLANG_WARN_STRICT_PROTOTYPES = YES;
				CLANG_WARN_SUSPICIOUS_MOVE = YES;
				CLANG_WARN_UNGUARDED_AVAILABILITY = YES_AGGRESSIVE;
				CLANG_WARN_UNREACHABLE_CODE = YES;
				CLANG_WARN__DUPLICATE_METHOD_MATCH = YES;
				COPY_PHASE_STRIP = NO;
				DEBUG_INFORMATION_FORMAT = "dwarf-with-dsym";
				ENABLE_NS_ASSERTIONS = NO;
				ENABLE_STRICT_OBJC_MSGSEND = YES;
				GCC_C_LANGUAGE_STANDARD = gnu11;
				GCC_NO_COMMON_BLOCKS = YES;
				GCC_WARN_64_TO_32_BIT_CONVERSION = YES;
				GCC_WARN_ABOUT_RETURN_TYPE = YES_ERROR;
				GCC_WARN_UNDECLARED_SELECTOR = YES;
				GCC_WARN_UNINITIALIZED_AUTOS = YES_AGGRESSIVE;
				GCC_WARN_UNUSED_FUNCTION = YES;
				GCC_WARN_UNUSED_VARIABLE = YES;
				IPHONEOS_DEPLOYMENT_TARGET = 13.2;
				MTL_ENABLE_DEBUG_INFO = NO;
				MTL_FAST_MATH = YES;
				SDKROOT = iphoneos;
				SWIFT_COMPILATION_MODE = wholemodule;
				SWIFT_OPTIMIZATION_LEVEL = "-O";
				VALIDATE_PRODUCT = YES;
			};
			name = Release;
		};
		58D9E3E42411592A00FA46AF /* Debug */ = {
			isa = XCBuildConfiguration;
			buildSettings = {
				ASSETCATALOG_COMPILER_APPICON_NAME = AppIcon;
				CODE_SIGN_STYLE = Automatic;
				INFOPLIST_FILE = Jet2Travel/Info.plist;
				LD_RUNPATH_SEARCH_PATHS = (
					"$(inherited)",
					"@executable_path/Frameworks",
				);
				PRODUCT_BUNDLE_IDENTIFIER = vijay.Jet2Travel;
				PRODUCT_NAME = "$(TARGET_NAME)";
				SWIFT_VERSION = 5.0;
				TARGETED_DEVICE_FAMILY = "1,2";
			};
			name = Debug;
		};
		58D9E3E52411592A00FA46AF /* Release */ = {
			isa = XCBuildConfiguration;
			buildSettings = {
				ASSETCATALOG_COMPILER_APPICON_NAME = AppIcon;
				CODE_SIGN_STYLE = Automatic;
				INFOPLIST_FILE = Jet2Travel/Info.plist;
				LD_RUNPATH_SEARCH_PATHS = (
					"$(inherited)",
					"@executable_path/Frameworks",
				);
				PRODUCT_BUNDLE_IDENTIFIER = vijay.Jet2Travel;
				PRODUCT_NAME = "$(TARGET_NAME)";
				SWIFT_VERSION = 5.0;
				TARGETED_DEVICE_FAMILY = "1,2";
			};
			name = Release;
		};
		58D9E3E72411592A00FA46AF /* Debug */ = {
			isa = XCBuildConfiguration;
			buildSettings = {
				ALWAYS_EMBED_SWIFT_STANDARD_LIBRARIES = YES;
				BUNDLE_LOADER = "$(TEST_HOST)";
				CODE_SIGN_STYLE = Automatic;
				INFOPLIST_FILE = Jet2TravelTests/Info.plist;
				IPHONEOS_DEPLOYMENT_TARGET = 13.2;
				LD_RUNPATH_SEARCH_PATHS = (
					"$(inherited)",
					"@executable_path/Frameworks",
					"@loader_path/Frameworks",
				);
				PRODUCT_BUNDLE_IDENTIFIER = vijay.Jet2TravelTests;
				PRODUCT_NAME = "$(TARGET_NAME)";
				SWIFT_VERSION = 5.0;
				TARGETED_DEVICE_FAMILY = "1,2";
				TEST_HOST = "$(BUILT_PRODUCTS_DIR)/Jet2Travel.app/Jet2Travel";
			};
			name = Debug;
		};
		58D9E3E82411592A00FA46AF /* Release */ = {
			isa = XCBuildConfiguration;
			buildSettings = {
				ALWAYS_EMBED_SWIFT_STANDARD_LIBRARIES = YES;
				BUNDLE_LOADER = "$(TEST_HOST)";
				CODE_SIGN_STYLE = Automatic;
				INFOPLIST_FILE = Jet2TravelTests/Info.plist;
				IPHONEOS_DEPLOYMENT_TARGET = 13.2;
				LD_RUNPATH_SEARCH_PATHS = (
					"$(inherited)",
					"@executable_path/Frameworks",
					"@loader_path/Frameworks",
				);
				PRODUCT_BUNDLE_IDENTIFIER = vijay.Jet2TravelTests;
				PRODUCT_NAME = "$(TARGET_NAME)";
				SWIFT_VERSION = 5.0;
				TARGETED_DEVICE_FAMILY = "1,2";
				TEST_HOST = "$(BUILT_PRODUCTS_DIR)/Jet2Travel.app/Jet2Travel";
			};
			name = Release;
		};
/* End XCBuildConfiguration section */

/* Begin XCConfigurationList section */
		58D9E3BF2411592800FA46AF /* Build configuration list for PBXProject "Jet2Travel" */ = {
			isa = XCConfigurationList;
			buildConfigurations = (
				58D9E3E12411592A00FA46AF /* Debug */,
				58D9E3E22411592A00FA46AF /* Release */,
			);
			defaultConfigurationIsVisible = 0;
			defaultConfigurationName = Release;
		};
		58D9E3E32411592A00FA46AF /* Build configuration list for PBXNativeTarget "Jet2Travel" */ = {
			isa = XCConfigurationList;
			buildConfigurations = (
				58D9E3E42411592A00FA46AF /* Debug */,
				58D9E3E52411592A00FA46AF /* Release */,
			);
			defaultConfigurationIsVisible = 0;
			defaultConfigurationName = Release;
		};
		58D9E3E62411592A00FA46AF /* Build configuration list for PBXNativeTarget "Jet2TravelTests" */ = {
			isa = XCConfigurationList;
			buildConfigurations = (
				58D9E3E72411592A00FA46AF /* Debug */,
				58D9E3E82411592A00FA46AF /* Release */,
			);
			defaultConfigurationIsVisible = 0;
			defaultConfigurationName = Release;
		};
/* End XCConfigurationList section */
	};
	rootObject = 58D9E3BC2411592800FA46AF /* Project object */;
}
